<?xml version="1.0" encoding="UTF-8" standalone="yes" ?>
<CodeBlocks_project_file>
	<FileVersion major="1" minor="6" />
	<Project>
		<Option title="TpCaravanaDelDesierto" />
		<Option pch_mode="2" />
		<Option compiler="gcc" />
		<Build>
			<Target title="Debug">
				<Option output="bin/Debug/TpCaravanaDelDesierto" prefix_auto="1" extension_auto="1" />
				<Option object_output="obj/Debug/" />
				<Option type="1" />
				<Option compiler="gcc" />
				<Compiler>
					<Add option="-g" />
				</Compiler>
			</Target>
			<Target title="Release">
				<Option output="bin/Release/TpCaravanaDelDesierto" prefix_auto="1" extension_auto="1" />
				<Option object_output="obj/Release/" />
				<Option type="1" />
				<Option compiler="gcc" />
				<Compiler>
					<Add option="-O2" />
				</Compiler>
				<Linker>
					<Add option="-s" />
				</Linker>
			</Target>
		</Build>
		<Compiler>
			<Add option="-Wall" />
		</Compiler>
		<Unit filename="TDAs/ColaDinamica.c">
			<Option compilerVar="CC" />
		</Unit>
		<Unit filename="TDAs/ColaDinamica.h" />
		<Unit filename="TDAs/ListaCircularDoblementeEnlazada.c">
			<Option compilerVar="CC" />
		</Unit>
		<Unit filename="TDAs/ListaCircularDoblementeEnlazada.h" />
		<Unit filename="TDAs/PilaDinamica.c">
			<Option compilerVar="CC" />
		</Unit>
		<Unit filename="TDAs/PilaDinamica.h" />
		<Unit filename="TDAs/listaSimplementeEnlazada.c">
			<Option compilerVar="CC" />
		</Unit>
		<Unit filename="TDAs/listaSimplementeEnlazada.h" />
		<Unit filename="bandido.c">
			<Option compilerVar="CC" />
		</Unit>
		<Unit filename="bandido.h" />
		<Unit filename="config.c">
			<Option compilerVar="CC" />
		</Unit>
		<Unit filename="config.h" />
		<Unit filename="juego.c">
			<Option compilerVar="CC" />
		</Unit>
		<Unit filename="juego.h" />
		<Unit filename="jugador.c">
			<Option compilerVar="CC" />
		</Unit>
		<Unit filename="jugador.h" />
		<Unit filename="main.c">
			<Option compilerVar="CC" />
		</Unit>
		<Unit filename="partidas.c">
			<Option compilerVar="CC" />
		</Unit>
		<Unit filename="partidas.h" />
		<Unit filename="tablero.c">
			<Option compilerVar="CC" />
		</Unit>
		<Unit filename="tablero.h" />
		<Unit filename="tipos.h" />
		<Unit filename="usuarios.c">
			<Option compilerVar="CC" />
		</Unit>
		<Unit filename="usuarios.h" />
		<Extensions />
	</Project>
</CodeBlocks_project_file>
